
Microsoft Visual Studio Solution File, Format Version 12.00
Project("{2150E333-8FDC-42A3-9474-1A3956D46DE8}") = "src", "src", "{6F60B809-2845-4526-AD2B-FE4D83C99E33}"
EndProject
Project("{FAE04EC0-301F-11D3-BF4B-00C04F79EFBC}") = "NDRS.Server", "src\NDRS.Server\NDRS.Server.csproj", "{7342CD25-96BB-4AF4-96E2-3C7E15B97A0E}"
EndProject
Project("{FAE04EC0-301F-11D3-BF4B-00C04F79EFBC}") = "NDRS.MySqlServer", "src\NDRS.MySqlServer\NDRS.MySqlServer.csproj", "{B9712374-8B11-481E-8DDD-A5EDE8078593}"
EndProject
Project("{FAE04EC0-301F-11D3-BF4B-00C04F79EFBC}") = "NDRS.Starter", "src\NDRS.Starter\NDRS.Starter.csproj", "{9F66AE1A-70D2-433A-8D30-4C8CC1797869}"
EndProject
Project("{FAE04EC0-301F-11D3-BF4B-00C04F79EFBC}") = "NDRS.ConsoleStarter", "src\NDRS.ConsoleStarter\NDRS.ConsoleStarter.csproj", "{13F988F7-A898-47FB-9A9E-EB510800A1F9}"
EndProject
Global
	GlobalSection(SolutionConfigurationPlatforms) = preSolution
		Debug|Any CPU = Debug|Any CPU
		Release|Any CPU = Release|Any CPU
	EndGlobalSection
	GlobalSection(NestedProjects) = preSolution
		{7342CD25-96BB-4AF4-96E2-3C7E15B97A0E} = {6F60B809-2845-4526-AD2B-FE4D83C99E33}
		{B9712374-8B11-481E-8DDD-A5EDE8078593} = {6F60B809-2845-4526-AD2B-FE4D83C99E33}
		{9F66AE1A-70D2-433A-8D30-4C8CC1797869} = {6F60B809-2845-4526-AD2B-FE4D83C99E33}
		{13F988F7-A898-47FB-9A9E-EB510800A1F9} = {6F60B809-2845-4526-AD2B-FE4D83C99E33}
	EndGlobalSection
	GlobalSection(ProjectConfigurationPlatforms) = postSolution
		{7342CD25-96BB-4AF4-96E2-3C7E15B97A0E}.Debug|Any CPU.ActiveCfg = Debug|Any CPU
		{7342CD25-96BB-4AF4-96E2-3C7E15B97A0E}.Debug|Any CPU.Build.0 = Debug|Any CPU
		{7342CD25-96BB-4AF4-96E2-3C7E15B97A0E}.Release|Any CPU.ActiveCfg = Release|Any CPU
		{7342CD25-96BB-4AF4-96E2-3C7E15B97A0E}.Release|Any CPU.Build.0 = Release|Any CPU
		{B9712374-8B11-481E-8DDD-A5EDE8078593}.Debug|Any CPU.ActiveCfg = Debug|Any CPU
		{B9712374-8B11-481E-8DDD-A5EDE8078593}.Debug|Any CPU.Build.0 = Debug|Any CPU
		{B9712374-8B11-481E-8DDD-A5EDE8078593}.Release|Any CPU.ActiveCfg = Release|Any CPU
		{B9712374-8B11-481E-8DDD-A5EDE8078593}.Release|Any CPU.Build.0 = Release|Any CPU
		{9F66AE1A-70D2-433A-8D30-4C8CC1797869}.Debug|Any CPU.ActiveCfg = Debug|Any CPU
		{9F66AE1A-70D2-433A-8D30-4C8CC1797869}.Debug|Any CPU.Build.0 = Debug|Any CPU
		{9F66AE1A-70D2-433A-8D30-4C8CC1797869}.Release|Any CPU.ActiveCfg = Release|Any CPU
		{9F66AE1A-70D2-433A-8D30-4C8CC1797869}.Release|Any CPU.Build.0 = Release|Any CPU
		{13F988F7-A898-47FB-9A9E-EB510800A1F9}.Debug|Any CPU.ActiveCfg = Debug|Any CPU
		{13F988F7-A898-47FB-9A9E-EB510800A1F9}.Debug|Any CPU.Build.0 = Debug|Any CPU
		{13F988F7-A898-47FB-9A9E-EB510800A1F9}.Release|Any CPU.ActiveCfg = Release|Any CPU
		{13F988F7-A898-47FB-9A9E-EB510800A1F9}.Release|Any CPU.Build.0 = Release|Any CPU
	EndGlobalSection
EndGlobal
